
Microsoft Visual Studio Solution File, Format Version 12.00
# Visual Studio Version 17
VisualStudioVersion = 17.12.35527.113
MinimumVisualStudioVersion = 10.0.40219.1
Project("{FAE04EC0-301F-11D3-BF4B-00C04F79EFBC}") = "RegistrosCTe.API", "RegistrosCTe.API\RegistrosCTe.API.csproj", "{1E3F22AD-8314-4548-8B8A-9A941A30D71E}"
EndProject
Project("{FAE04EC0-301F-11D3-BF4B-00C04F79EFBC}") = "RegistrosCTe.Domain", "RegistrosCTe.Domain\RegistrosCTe.Domain.csproj", "{33AB6730-16E7-480E-A491-4FDA6159EB17}"
EndProject
Project("{FAE04EC0-301F-11D3-BF4B-00C04F79EFBC}") = "RegistrosCTe.Infra", "RegistrosCTe.Infra\RegistrosCTe.Infra.csproj", "{82FD2215-FD65-4BFB-BBD8-E3031EC4C43A}"
EndProject
Project("{FAE04EC0-301F-11D3-BF4B-00C04F79EFBC}") = "RegistrosCTe.Application", "RegistrosCTe.Application\RegistrosCTe.Application.csproj", "{CCDAF1FE-C8C5-4849-A2D4-55ADF00FC803}"
EndProject
Project("{FAE04EC0-301F-11D3-BF4B-00C04F79EFBC}") = "ResgistrosCTe.Tests", "ResgistrosCTe.Tests\ResgistrosCTe.Tests.csproj", "{79952020-03F8-4FB6-AED6-BA198282A665}"
EndProject
Global
	GlobalSection(SolutionConfigurationPlatforms) = preSolution
		Debug|Any CPU = Debug|Any CPU
		Release|Any CPU = Release|Any CPU
	EndGlobalSection
	GlobalSection(ProjectConfigurationPlatforms) = postSolution
		{1E3F22AD-8314-4548-8B8A-9A941A30D71E}.Debug|Any CPU.ActiveCfg = Debug|Any CPU
		{1E3F22AD-8314-4548-8B8A-9A941A30D71E}.Debug|Any CPU.Build.0 = Debug|Any CPU
		{1E3F22AD-8314-4548-8B8A-9A941A30D71E}.Release|Any CPU.ActiveCfg = Release|Any CPU
		{1E3F22AD-8314-4548-8B8A-9A941A30D71E}.Release|Any CPU.Build.0 = Release|Any CPU
		{33AB6730-16E7-480E-A491-4FDA6159EB17}.Debug|Any CPU.ActiveCfg = Debug|Any CPU
		{33AB6730-16E7-480E-A491-4FDA6159EB17}.Debug|Any CPU.Build.0 = Debug|Any CPU
		{33AB6730-16E7-480E-A491-4FDA6159EB17}.Release|Any CPU.ActiveCfg = Release|Any CPU
		{33AB6730-16E7-480E-A491-4FDA6159EB17}.Release|Any CPU.Build.0 = Release|Any CPU
		{82FD2215-FD65-4BFB-BBD8-E3031EC4C43A}.Debug|Any CPU.ActiveCfg = Debug|Any CPU
		{82FD2215-FD65-4BFB-BBD8-E3031EC4C43A}.Debug|Any CPU.Build.0 = Debug|Any CPU
		{82FD2215-FD65-4BFB-BBD8-E3031EC4C43A}.Release|Any CPU.ActiveCfg = Release|Any CPU
		{82FD2215-FD65-4BFB-BBD8-E3031EC4C43A}.Release|Any CPU.Build.0 = Release|Any CPU
		{CCDAF1FE-C8C5-4849-A2D4-55ADF00FC803}.Debug|Any CPU.ActiveCfg = Debug|Any CPU
		{CCDAF1FE-C8C5-4849-A2D4-55ADF00FC803}.Debug|Any CPU.Build.0 = Debug|Any CPU
		{CCDAF1FE-C8C5-4849-A2D4-55ADF00FC803}.Release|Any CPU.ActiveCfg = Release|Any CPU
		{CCDAF1FE-C8C5-4849-A2D4-55ADF00FC803}.Release|Any CPU.Build.0 = Release|Any CPU
		{79952020-03F8-4FB6-AED6-BA198282A665}.Debug|Any CPU.ActiveCfg = Debug|Any CPU
		{79952020-03F8-4FB6-AED6-BA198282A665}.Debug|Any CPU.Build.0 = Debug|Any CPU
		{79952020-03F8-4FB6-AED6-BA198282A665}.Release|Any CPU.ActiveCfg = Release|Any CPU
		{79952020-03F8-4FB6-AED6-BA198282A665}.Release|Any CPU.Build.0 = Release|Any CPU
	EndGlobalSection
	GlobalSection(SolutionProperties) = preSolution
		HideSolutionNode = FALSE
	EndGlobalSection
EndGlobal
